
Microsoft Visual Studio Solution File, Format Version 12.00
# Visual Studio Version 17
VisualStudioVersion = 17.7.34024.191
MinimumVisualStudioVersion = 10.0.40219.1
Project("{FAE04EC0-301F-11D3-BF4B-00C04F79EFBC}") = "Csaladfa_dolgozat", "Csaladfa_dolgozat\Csaladfa_dolgozat.csproj", "{4AC0C9E8-7A21-4CDB-821F-A92C43A844D3}"
EndProject
Global
	GlobalSection(SolutionConfigurationPlatforms) = preSolution
		Debug|Any CPU = Debug|Any CPU
		Release|Any CPU = Release|Any CPU
	EndGlobalSection
	GlobalSection(ProjectConfigurationPlatforms) = postSolution
		{4AC0C9E8-7A21-4CDB-821F-A92C43A844D3}.Debug|Any CPU.ActiveCfg = Debug|Any CPU
		{4AC0C9E8-7A21-4CDB-821F-A92C43A844D3}.Debug|Any CPU.Build.0 = Debug|Any CPU
		{4AC0C9E8-7A21-4CDB-821F-A92C43A844D3}.Release|Any CPU.ActiveCfg = Release|Any CPU
		{4AC0C9E8-7A21-4CDB-821F-A92C43A844D3}.Release|Any CPU.Build.0 = Release|Any CPU
	EndGlobalSection
	GlobalSection(SolutionProperties) = preSolution
		HideSolutionNode = FALSE
	EndGlobalSection
	GlobalSection(ExtensibilityGlobals) = postSolution
		SolutionGuid = {3CD783A7-314F-4BCA-8B88-A4C03C022C51}
	EndGlobalSection
EndGlobal
